
Microsoft Visual Studio Solution File, Format Version 12.00
# Visual Studio Version 17
VisualStudioVersion = 17.4.33213.308
MinimumVisualStudioVersion = 10.0.40219.1
Project("{FAE04EC0-301F-11D3-BF4B-00C04F79EFBC}") = "random_letters", "random_letters\random_letters.csproj", "{66AD7C35-DAE1-4B77-91B1-FC5AE5D946FC}"
EndProject
Global
	GlobalSection(SolutionConfigurationPlatforms) = preSolution
		Debug|Any CPU = Debug|Any CPU
		Release|Any CPU = Release|Any CPU
	EndGlobalSection
	GlobalSection(ProjectConfigurationPlatforms) = postSolution
		{66AD7C35-DAE1-4B77-91B1-FC5AE5D946FC}.Debug|Any CPU.ActiveCfg = Debug|Any CPU
		{66AD7C35-DAE1-4B77-91B1-FC5AE5D946FC}.Debug|Any CPU.Build.0 = Debug|Any CPU
		{66AD7C35-DAE1-4B77-91B1-FC5AE5D946FC}.Release|Any CPU.ActiveCfg = Release|Any CPU
		{66AD7C35-DAE1-4B77-91B1-FC5AE5D946FC}.Release|Any CPU.Build.0 = Release|Any CPU
	EndGlobalSection
	GlobalSection(SolutionProperties) = preSolution
		HideSolutionNode = FALSE
	EndGlobalSection
	GlobalSection(ExtensibilityGlobals) = postSolution
		SolutionGuid = {36F80062-4A3E-43F8-892F-51D74789E206}
	EndGlobalSection
EndGlobal
